
Microsoft Visual Studio Solution File, Format Version 12.00
# Visual Studio Version 16
VisualStudioVersion = 16.0.29519.181
MinimumVisualStudioVersion = 10.0.40219.1
Project("{2150E333-8FDC-42A3-9474-1A3956D46DE8}") = "Microservice", "Microservice", "{2A545CC7-A3D0-4B4F-85FF-43334089AA1F}"
EndProject
Project("{2150E333-8FDC-42A3-9474-1A3956D46DE8}") = "Peresention", "Peresention", "{9ED61439-5E5F-4D71-BD9F-5C24B7E5AAFF}"
EndProject
Project("{2150E333-8FDC-42A3-9474-1A3956D46DE8}") = "Infra.Bus", "Infra.Bus", "{0BF07419-D5DE-47A2-B646-03F6D3FB6720}"
EndProject
Project("{2150E333-8FDC-42A3-9474-1A3956D46DE8}") = "Infra.Ioc", "Infra.Ioc", "{EFB3DE43-9682-4A25-AF8E-ED68A04CE921}"
EndProject
Project("{2150E333-8FDC-42A3-9474-1A3956D46DE8}") = "Domain", "Domain", "{1CB3FD89-D583-41A6-BB6F-5E1A45C4AA7A}"
EndProject
Project("{9A19103F-16F7-4668-BE54-9A1E7A4F7556}") = "MyFirstMicroservice.Domain.Core", "MyFirstMicroservice.Domain.Core\MyFirstMicroservice.Domain.Core.csproj", "{CE338E14-0924-409D-BA89-37B38BE57F57}"
EndProject
Project("{9A19103F-16F7-4668-BE54-9A1E7A4F7556}") = "MyFirstMicroservice.Infra.Bus", "MyFirstMicroservice.Infra.Bus\MyFirstMicroservice.Infra.Bus.csproj", "{93FD8BC3-2339-4EDE-AF20-D5268C04A10E}"
EndProject
Project("{FAE04EC0-301F-11D3-BF4B-00C04F79EFBC}") = "MyFirstMicroService.Infra.IoC", "MyFirstMicroService.Infra.IoC\MyFirstMicroService.Infra.IoC.csproj", "{820AE20D-5FC3-4570-A573-7A3B9402457A}"
EndProject
Project("{2150E333-8FDC-42A3-9474-1A3956D46DE8}") = "Application", "Application", "{40836676-1DC4-4901-89D9-F56528151D02}"
EndProject
Project("{2150E333-8FDC-42A3-9474-1A3956D46DE8}") = "Data", "Data", "{877D65E6-53D5-46DD-BB35-348A1839074E}"
EndProject
Project("{2150E333-8FDC-42A3-9474-1A3956D46DE8}") = "Api", "Api", "{5C14707D-EADF-433C-8117-0AD690EE6390}"
EndProject
Project("{2150E333-8FDC-42A3-9474-1A3956D46DE8}") = "Domain", "Domain", "{92433192-5227-484E-AE94-94151EFA86E5}"
EndProject
Project("{FAE04EC0-301F-11D3-BF4B-00C04F79EFBC}") = "MyFirstMicroService.Banking.Api", "MyFirstMicroService.Banking.Api\MyFirstMicroService.Banking.Api.csproj", "{32589E4E-9C42-4D74-993E-ABD12712DD8D}"
EndProject
Project("{2150E333-8FDC-42A3-9474-1A3956D46DE8}") = "Banking", "Banking", "{E740A0E2-CDDA-475E-B2D7-4FCE1ED35F73}"
EndProject
Project("{FAE04EC0-301F-11D3-BF4B-00C04F79EFBC}") = "MyFirstMicroService.Banking.Application", "MyFirstMicroService.Banking.Application\MyFirstMicroService.Banking.Application.csproj", "{653185B3-B4F2-4AB6-B949-FD775E880217}"
EndProject
Project("{FAE04EC0-301F-11D3-BF4B-00C04F79EFBC}") = "MyFirstMicroService.Banking.Data", "MyFirstMicroService.Banking.Data\MyFirstMicroService.Banking.Data.csproj", "{EB492DD5-560E-4C76-8001-A08F887F85CF}"
EndProject
Project("{FAE04EC0-301F-11D3-BF4B-00C04F79EFBC}") = "MyFirstMicroService.Banking.Domain", "MyFirstMicroService.Banking.Domain\MyFirstMicroService.Banking.Domain.csproj", "{D881B4B8-A3CF-4FFE-BC02-FBF219311A99}"
EndProject
Global
	GlobalSection(SolutionConfigurationPlatforms) = preSolution
		Debug|Any CPU = Debug|Any CPU
		Release|Any CPU = Release|Any CPU
	EndGlobalSection
	GlobalSection(ProjectConfigurationPlatforms) = postSolution
		{CE338E14-0924-409D-BA89-37B38BE57F57}.Debug|Any CPU.ActiveCfg = Debug|Any CPU
		{CE338E14-0924-409D-BA89-37B38BE57F57}.Debug|Any CPU.Build.0 = Debug|Any CPU
		{CE338E14-0924-409D-BA89-37B38BE57F57}.Release|Any CPU.ActiveCfg = Release|Any CPU
		{CE338E14-0924-409D-BA89-37B38BE57F57}.Release|Any CPU.Build.0 = Release|Any CPU
		{93FD8BC3-2339-4EDE-AF20-D5268C04A10E}.Debug|Any CPU.ActiveCfg = Debug|Any CPU
		{93FD8BC3-2339-4EDE-AF20-D5268C04A10E}.Debug|Any CPU.Build.0 = Debug|Any CPU
		{93FD8BC3-2339-4EDE-AF20-D5268C04A10E}.Release|Any CPU.ActiveCfg = Release|Any CPU
		{93FD8BC3-2339-4EDE-AF20-D5268C04A10E}.Release|Any CPU.Build.0 = Release|Any CPU
		{820AE20D-5FC3-4570-A573-7A3B9402457A}.Debug|Any CPU.ActiveCfg = Debug|Any CPU
		{820AE20D-5FC3-4570-A573-7A3B9402457A}.Debug|Any CPU.Build.0 = Debug|Any CPU
		{820AE20D-5FC3-4570-A573-7A3B9402457A}.Release|Any CPU.ActiveCfg = Release|Any CPU
		{820AE20D-5FC3-4570-A573-7A3B9402457A}.Release|Any CPU.Build.0 = Release|Any CPU
		{32589E4E-9C42-4D74-993E-ABD12712DD8D}.Debug|Any CPU.ActiveCfg = Debug|Any CPU
		{32589E4E-9C42-4D74-993E-ABD12712DD8D}.Debug|Any CPU.Build.0 = Debug|Any CPU
		{32589E4E-9C42-4D74-993E-ABD12712DD8D}.Release|Any CPU.ActiveCfg = Release|Any CPU
		{32589E4E-9C42-4D74-993E-ABD12712DD8D}.Release|Any CPU.Build.0 = Release|Any CPU
		{653185B3-B4F2-4AB6-B949-FD775E880217}.Debug|Any CPU.ActiveCfg = Debug|Any CPU
		{653185B3-B4F2-4AB6-B949-FD775E880217}.Debug|Any CPU.Build.0 = Debug|Any CPU
		{653185B3-B4F2-4AB6-B949-FD775E880217}.Release|Any CPU.ActiveCfg = Release|Any CPU
		{653185B3-B4F2-4AB6-B949-FD775E880217}.Release|Any CPU.Build.0 = Release|Any CPU
		{EB492DD5-560E-4C76-8001-A08F887F85CF}.Debug|Any CPU.ActiveCfg = Debug|Any CPU
		{EB492DD5-560E-4C76-8001-A08F887F85CF}.Debug|Any CPU.Build.0 = Debug|Any CPU
		{EB492DD5-560E-4C76-8001-A08F887F85CF}.Release|Any CPU.ActiveCfg = Release|Any CPU
		{EB492DD5-560E-4C76-8001-A08F887F85CF}.Release|Any CPU.Build.0 = Release|Any CPU
		{D881B4B8-A3CF-4FFE-BC02-FBF219311A99}.Debug|Any CPU.ActiveCfg = Debug|Any CPU
		{D881B4B8-A3CF-4FFE-BC02-FBF219311A99}.Debug|Any CPU.Build.0 = Debug|Any CPU
		{D881B4B8-A3CF-4FFE-BC02-FBF219311A99}.Release|Any CPU.ActiveCfg = Release|Any CPU
		{D881B4B8-A3CF-4FFE-BC02-FBF219311A99}.Release|Any CPU.Build.0 = Release|Any CPU
	EndGlobalSection
	GlobalSection(SolutionProperties) = preSolution
		HideSolutionNode = FALSE
	EndGlobalSection
	GlobalSection(NestedProjects) = preSolution
		{CE338E14-0924-409D-BA89-37B38BE57F57} = {1CB3FD89-D583-41A6-BB6F-5E1A45C4AA7A}
		{93FD8BC3-2339-4EDE-AF20-D5268C04A10E} = {0BF07419-D5DE-47A2-B646-03F6D3FB6720}
		{820AE20D-5FC3-4570-A573-7A3B9402457A} = {EFB3DE43-9682-4A25-AF8E-ED68A04CE921}
		{40836676-1DC4-4901-89D9-F56528151D02} = {E740A0E2-CDDA-475E-B2D7-4FCE1ED35F73}
		{877D65E6-53D5-46DD-BB35-348A1839074E} = {E740A0E2-CDDA-475E-B2D7-4FCE1ED35F73}
		{5C14707D-EADF-433C-8117-0AD690EE6390} = {E740A0E2-CDDA-475E-B2D7-4FCE1ED35F73}
		{92433192-5227-484E-AE94-94151EFA86E5} = {E740A0E2-CDDA-475E-B2D7-4FCE1ED35F73}
		{32589E4E-9C42-4D74-993E-ABD12712DD8D} = {5C14707D-EADF-433C-8117-0AD690EE6390}
		{E740A0E2-CDDA-475E-B2D7-4FCE1ED35F73} = {2A545CC7-A3D0-4B4F-85FF-43334089AA1F}
		{653185B3-B4F2-4AB6-B949-FD775E880217} = {40836676-1DC4-4901-89D9-F56528151D02}
		{EB492DD5-560E-4C76-8001-A08F887F85CF} = {877D65E6-53D5-46DD-BB35-348A1839074E}
		{D881B4B8-A3CF-4FFE-BC02-FBF219311A99} = {92433192-5227-484E-AE94-94151EFA86E5}
	EndGlobalSection
	GlobalSection(ExtensibilityGlobals) = postSolution
		SolutionGuid = {01D6D046-FD4B-4AF4-BF2E-84E5665AB03F}
	EndGlobalSection
EndGlobal
